
Microsoft Visual Studio Solution File, Format Version 12.00
# Visual Studio Version 16
VisualStudioVersion = 16.0.30503.244
MinimumVisualStudioVersion = 10.0.40219.1
Project("{8BC9CEB8-8B4A-11D0-8D11-00A0C91BC942}") = "Prj01", "Prj01\Prj01.vcxproj", "{229E0977-EF0C-4265-A1E4-6C0CAD375A66}"
EndProject
Project("{8BC9CEB8-8B4A-11D0-8D11-00A0C91BC942}") = "Prj03", "Prj03\Prj03.vcxproj", "{B06023AF-0B63-4DFB-8618-4A0D035B3760}"
EndProject
Project("{8BC9CEB8-8B4A-11D0-8D11-00A0C91BC942}") = "Prj04", "Prj04\Prj04.vcxproj", "{4A736FFC-E815-48E2-9EF4-2C6B0A981EE9}"
EndProject
Project("{8BC9CEB8-8B4A-11D0-8D11-00A0C91BC942}") = "Prj05", "Prj05\Prj05.vcxproj", "{0A72307C-09A2-40BE-BC89-D8729B733BFC}"
EndProject
Project("{8BC9CEB8-8B4A-11D0-8D11-00A0C91BC942}") = "Prj06", "Prj06\Prj06.vcxproj", "{EC2809B7-99FB-4499-BB9E-7EE42761781E}"
EndProject
Project("{8BC9CEB8-8B4A-11D0-8D11-00A0C91BC942}") = "Prj07", "Prj07\Prj07.vcxproj", "{854A9D2F-4C38-4908-A640-0531DE75EC57}"
EndProject
Project("{8BC9CEB8-8B4A-11D0-8D11-00A0C91BC942}") = "Prj08", "Prj08\Prj08.vcxproj", "{4D8A645D-E515-4579-9F9B-567ABD4A3FC6}"
EndProject
Project("{8BC9CEB8-8B4A-11D0-8D11-00A0C91BC942}") = "Prj09", "Prj09\Prj09.vcxproj", "{FE898ADA-404D-440E-B5D2-3C641F1E344E}"
EndProject
Project("{8BC9CEB8-8B4A-11D0-8D11-00A0C91BC942}") = "Prj10", "Prj10\Prj10.vcxproj", "{C07A883B-69D2-45F6-BB72-B2DDA5AC1FE4}"
EndProject
Project("{8BC9CEB8-8B4A-11D0-8D11-00A0C91BC942}") = "Prj11", "Prj11\Prj11.vcxproj", "{4164AC3E-F7B2-40A5-B97F-BDEBCE8AF260}"
EndProject
Project("{8BC9CEB8-8B4A-11D0-8D11-00A0C91BC942}") = "Prj12", "Prj12\Prj12.vcxproj", "{1DA826FE-B1FA-4501-A6E4-173788D23FC2}"
EndProject
Project("{8BC9CEB8-8B4A-11D0-8D11-00A0C91BC942}") = "Prj13", "Prj13\Prj13.vcxproj", "{E441E53A-3323-47A3-89C6-EED70A1166B9}"
EndProject
Project("{8BC9CEB8-8B4A-11D0-8D11-00A0C91BC942}") = "Lab1", "Lab1\Lab1.vcxproj", "{87381A92-02FB-4A78-9AC6-A5B7891D7E01}"
EndProject
Project("{8BC9CEB8-8B4A-11D0-8D11-00A0C91BC942}") = "Lab2", "Lab2\Lab2.vcxproj", "{4E1E38AC-6C21-4E17-A450-7765ACBC1CD7}"
EndProject
Project("{8BC9CEB8-8B4A-11D0-8D11-00A0C91BC942}") = "Lab3", "Lab3\Lab3.vcxproj", "{05CA9111-0DA3-4153-92EF-1F3CFB0A533A}"
EndProject
Project("{8BC9CEB8-8B4A-11D0-8D11-00A0C91BC942}") = "Lab4", "Lab4\Lab4.vcxproj", "{923A3BFA-9623-437C-847A-FF89B661777D}"
EndProject
Project("{8BC9CEB8-8B4A-11D0-8D11-00A0C91BC942}") = "Prj02", "Prj02\Prj02.vcxproj", "{B8BA4F7C-68D4-49F9-9B5B-3D590C21505B}"
EndProject
Global
	GlobalSection(SolutionConfigurationPlatforms) = preSolution
		Debug|x64 = Debug|x64
		Debug|x86 = Debug|x86
		Release|x64 = Release|x64
		Release|x86 = Release|x86
	EndGlobalSection
	GlobalSection(ProjectConfigurationPlatforms) = postSolution
		{229E0977-EF0C-4265-A1E4-6C0CAD375A66}.Debug|x64.ActiveCfg = Debug|x64
		{229E0977-EF0C-4265-A1E4-6C0CAD375A66}.Debug|x64.Build.0 = Debug|x64
		{229E0977-EF0C-4265-A1E4-6C0CAD375A66}.Debug|x86.ActiveCfg = Debug|Win32
		{229E0977-EF0C-4265-A1E4-6C0CAD375A66}.Debug|x86.Build.0 = Debug|Win32
		{229E0977-EF0C-4265-A1E4-6C0CAD375A66}.Release|x64.ActiveCfg = Release|x64
		{229E0977-EF0C-4265-A1E4-6C0CAD375A66}.Release|x64.Build.0 = Release|x64
		{229E0977-EF0C-4265-A1E4-6C0CAD375A66}.Release|x86.ActiveCfg = Release|Win32
		{229E0977-EF0C-4265-A1E4-6C0CAD375A66}.Release|x86.Build.0 = Release|Win32
		{B06023AF-0B63-4DFB-8618-4A0D035B3760}.Debug|x64.ActiveCfg = Debug|x64
		{B06023AF-0B63-4DFB-8618-4A0D035B3760}.Debug|x64.Build.0 = Debug|x64
		{B06023AF-0B63-4DFB-8618-4A0D035B3760}.Debug|x86.ActiveCfg = Debug|Win32
		{B06023AF-0B63-4DFB-8618-4A0D035B3760}.Debug|x86.Build.0 = Debug|Win32
		{B06023AF-0B63-4DFB-8618-4A0D035B3760}.Release|x64.ActiveCfg = Release|x64
		{B06023AF-0B63-4DFB-8618-4A0D035B3760}.Release|x64.Build.0 = Release|x64
		{B06023AF-0B63-4DFB-8618-4A0D035B3760}.Release|x86.ActiveCfg = Release|Win32
		{B06023AF-0B63-4DFB-8618-4A0D035B3760}.Release|x86.Build.0 = Release|Win32
		{4A736FFC-E815-48E2-9EF4-2C6B0A981EE9}.Debug|x64.ActiveCfg = Debug|x64
		{4A736FFC-E815-48E2-9EF4-2C6B0A981EE9}.Debug|x64.Build.0 = Debug|x64
		{4A736FFC-E815-48E2-9EF4-2C6B0A981EE9}.Debug|x86.ActiveCfg = Debug|Win32
		{4A736FFC-E815-48E2-9EF4-2C6B0A981EE9}.Debug|x86.Build.0 = Debug|Win32
		{4A736FFC-E815-48E2-9EF4-2C6B0A981EE9}.Release|x64.ActiveCfg = Release|x64
		{4A736FFC-E815-48E2-9EF4-2C6B0A981EE9}.Release|x64.Build.0 = Release|x64
		{4A736FFC-E815-48E2-9EF4-2C6B0A981EE9}.Release|x86.ActiveCfg = Release|Win32
		{4A736FFC-E815-48E2-9EF4-2C6B0A981EE9}.Release|x86.Build.0 = Release|Win32
		{0A72307C-09A2-40BE-BC89-D8729B733BFC}.Debug|x64.ActiveCfg = Debug|x64
		{0A72307C-09A2-40BE-BC89-D8729B733BFC}.Debug|x64.Build.0 = Debug|x64
		{0A72307C-09A2-40BE-BC89-D8729B733BFC}.Debug|x86.ActiveCfg = Debug|Win32
		{0A72307C-09A2-40BE-BC89-D8729B733BFC}.Debug|x86.Build.0 = Debug|Win32
		{0A72307C-09A2-40BE-BC89-D8729B733BFC}.Release|x64.ActiveCfg = Release|x64
		{0A72307C-09A2-40BE-BC89-D8729B733BFC}.Release|x64.Build.0 = Release|x64
		{0A72307C-09A2-40BE-BC89-D8729B733BFC}.Release|x86.ActiveCfg = Release|Win32
		{0A72307C-09A2-40BE-BC89-D8729B733BFC}.Release|x86.Build.0 = Release|Win32
		{EC2809B7-99FB-4499-BB9E-7EE42761781E}.Debug|x64.ActiveCfg = Debug|x64
		{EC2809B7-99FB-4499-BB9E-7EE42761781E}.Debug|x64.Build.0 = Debug|x64
		{EC2809B7-99FB-4499-BB9E-7EE42761781E}.Debug|x86.ActiveCfg = Debug|Win32
		{EC2809B7-99FB-4499-BB9E-7EE42761781E}.Debug|x86.Build.0 = Debug|Win32
		{EC2809B7-99FB-4499-BB9E-7EE42761781E}.Release|x64.ActiveCfg = Release|x64
		{EC2809B7-99FB-4499-BB9E-7EE42761781E}.Release|x64.Build.0 = Release|x64
		{EC2809B7-99FB-4499-BB9E-7EE42761781E}.Release|x86.ActiveCfg = Release|Win32
		{EC2809B7-99FB-4499-BB9E-7EE42761781E}.Release|x86.Build.0 = Release|Win32
		{854A9D2F-4C38-4908-A640-0531DE75EC57}.Debug|x64.ActiveCfg = Debug|x64
		{854A9D2F-4C38-4908-A640-0531DE75EC57}.Debug|x64.Build.0 = Debug|x64
		{854A9D2F-4C38-4908-A640-0531DE75EC57}.Debug|x86.ActiveCfg = Debug|Win32
		{854A9D2F-4C38-4908-A640-0531DE75EC57}.Debug|x86.Build.0 = Debug|Win32
		{854A9D2F-4C38-4908-A640-0531DE75EC57}.Release|x64.ActiveCfg = Release|x64
		{854A9D2F-4C38-4908-A640-0531DE75EC57}.Release|x64.Build.0 = Release|x64
		{854A9D2F-4C38-4908-A640-0531DE75EC57}.Release|x86.ActiveCfg = Release|Win32
		{854A9D2F-4C38-4908-A640-0531DE75EC57}.Release|x86.Build.0 = Release|Win32
		{4D8A645D-E515-4579-9F9B-567ABD4A3FC6}.Debug|x64.ActiveCfg = Debug|x64
		{4D8A645D-E515-4579-9F9B-567ABD4A3FC6}.Debug|x64.Build.0 = Debug|x64
		{4D8A645D-E515-4579-9F9B-567ABD4A3FC6}.Debug|x86.ActiveCfg = Debug|Win32
		{4D8A645D-E515-4579-9F9B-567ABD4A3FC6}.Debug|x86.Build.0 = Debug|Win32
		{4D8A645D-E515-4579-9F9B-567ABD4A3FC6}.Release|x64.ActiveCfg = Release|x64
		{4D8A645D-E515-4579-9F9B-567ABD4A3FC6}.Release|x64.Build.0 = Release|x64
		{4D8A645D-E515-4579-9F9B-567ABD4A3FC6}.Release|x86.ActiveCfg = Release|Win32
		{4D8A645D-E515-4579-9F9B-567ABD4A3FC6}.Release|x86.Build.0 = Release|Win32
		{FE898ADA-404D-440E-B5D2-3C641F1E344E}.Debug|x64.ActiveCfg = Debug|x64
		{FE898ADA-404D-440E-B5D2-3C641F1E344E}.Debug|x64.Build.0 = Debug|x64
		{FE898ADA-404D-440E-B5D2-3C641F1E344E}.Debug|x86.ActiveCfg = Debug|Win32
		{FE898ADA-404D-440E-B5D2-3C641F1E344E}.Debug|x86.Build.0 = Debug|Win32
		{FE898ADA-404D-440E-B5D2-3C641F1E344E}.Release|x64.ActiveCfg = Release|x64
		{FE898ADA-404D-440E-B5D2-3C641F1E344E}.Release|x64.Build.0 = Release|x64
		{FE898ADA-404D-440E-B5D2-3C641F1E344E}.Release|x86.ActiveCfg = Release|Win32
		{FE898ADA-404D-440E-B5D2-3C641F1E344E}.Release|x86.Build.0 = Release|Win32
		{C07A883B-69D2-45F6-BB72-B2DDA5AC1FE4}.Debug|x64.ActiveCfg = Debug|x64
		{C07A883B-69D2-45F6-BB72-B2DDA5AC1FE4}.Debug|x64.Build.0 = Debug|x64
		{C07A883B-69D2-45F6-BB72-B2DDA5AC1FE4}.Debug|x86.ActiveCfg = Debug|Win32
		{C07A883B-69D2-45F6-BB72-B2DDA5AC1FE4}.Debug|x86.Build.0 = Debug|Win32
		{C07A883B-69D2-45F6-BB72-B2DDA5AC1FE4}.Release|x64.ActiveCfg = Release|x64
		{C07A883B-69D2-45F6-BB72-B2DDA5AC1FE4}.Release|x64.Build.0 = Release|x64
		{C07A883B-69D2-45F6-BB72-B2DDA5AC1FE4}.Release|x86.ActiveCfg = Release|Win32
		{C07A883B-69D2-45F6-BB72-B2DDA5AC1FE4}.Release|x86.Build.0 = Release|Win32
		{4164AC3E-F7B2-40A5-B97F-BDEBCE8AF260}.Debug|x64.ActiveCfg = Debug|x64
		{4164AC3E-F7B2-40A5-B97F-BDEBCE8AF260}.Debug|x64.Build.0 = Debug|x64
		{4164AC3E-F7B2-40A5-B97F-BDEBCE8AF260}.Debug|x86.ActiveCfg = Debug|Win32
		{4164AC3E-F7B2-40A5-B97F-BDEBCE8AF260}.Debug|x86.Build.0 = Debug|Win32
		{4164AC3E-F7B2-40A5-B97F-BDEBCE8AF260}.Release|x64.ActiveCfg = Release|x64
		{4164AC3E-F7B2-40A5-B97F-BDEBCE8AF260}.Release|x64.Build.0 = Release|x64
		{4164AC3E-F7B2-40A5-B97F-BDEBCE8AF260}.Release|x86.ActiveCfg = Release|Win32
		{4164AC3E-F7B2-40A5-B97F-BDEBCE8AF260}.Release|x86.Build.0 = Release|Win32
		{1DA826FE-B1FA-4501-A6E4-173788D23FC2}.Debug|x64.ActiveCfg = Debug|x64
		{1DA826FE-B1FA-4501-A6E4-173788D23FC2}.Debug|x64.Build.0 = Debug|x64
		{1DA826FE-B1FA-4501-A6E4-173788D23FC2}.Debug|x86.ActiveCfg = Debug|Win32
		{1DA826FE-B1FA-4501-A6E4-173788D23FC2}.Debug|x86.Build.0 = Debug|Win32
		{1DA826FE-B1FA-4501-A6E4-173788D23FC2}.Release|x64.ActiveCfg = Release|x64
		{1DA826FE-B1FA-4501-A6E4-173788D23FC2}.Release|x64.Build.0 = Release|x64
		{1DA826FE-B1FA-4501-A6E4-173788D23FC2}.Release|x86.ActiveCfg = Release|Win32
		{1DA826FE-B1FA-4501-A6E4-173788D23FC2}.Release|x86.Build.0 = Release|Win32
		{E441E53A-3323-47A3-89C6-EED70A1166B9}.Debug|x64.ActiveCfg = Debug|x64
		{E441E53A-3323-47A3-89C6-EED70A1166B9}.Debug|x64.Build.0 = Debug|x64
		{E441E53A-3323-47A3-89C6-EED70A1166B9}.Debug|x86.ActiveCfg = Debug|Win32
		{E441E53A-3323-47A3-89C6-EED70A1166B9}.Debug|x86.Build.0 = Debug|Win32
		{E441E53A-3323-47A3-89C6-EED70A1166B9}.Release|x64.ActiveCfg = Release|x64
		{E441E53A-3323-47A3-89C6-EED70A1166B9}.Release|x64.Build.0 = Release|x64
		{E441E53A-3323-47A3-89C6-EED70A1166B9}.Release|x86.ActiveCfg = Release|Win32
		{E441E53A-3323-47A3-89C6-EED70A1166B9}.Release|x86.Build.0 = Release|Win32
		{87381A92-02FB-4A78-9AC6-A5B7891D7E01}.Debug|x64.ActiveCfg = Debug|x64
		{87381A92-02FB-4A78-9AC6-A5B7891D7E01}.Debug|x64.Build.0 = Debug|x64
		{87381A92-02FB-4A78-9AC6-A5B7891D7E01}.Debug|x86.ActiveCfg = Debug|Win32
		{87381A92-02FB-4A78-9AC6-A5B7891D7E01}.Debug|x86.Build.0 = Debug|Win32
		{87381A92-02FB-4A78-9AC6-A5B7891D7E01}.Release|x64.ActiveCfg = Release|x64
		{87381A92-02FB-4A78-9AC6-A5B7891D7E01}.Release|x64.Build.0 = Release|x64
		{87381A92-02FB-4A78-9AC6-A5B7891D7E01}.Release|x86.ActiveCfg = Release|Win32
		{87381A92-02FB-4A78-9AC6-A5B7891D7E01}.Release|x86.Build.0 = Release|Win32
		{4E1E38AC-6C21-4E17-A450-7765ACBC1CD7}.Debug|x64.ActiveCfg = Debug|x64
		{4E1E38AC-6C21-4E17-A450-7765ACBC1CD7}.Debug|x64.Build.0 = Debug|x64
		{4E1E38AC-6C21-4E17-A450-7765ACBC1CD7}.Debug|x86.ActiveCfg = Debug|Win32
		{4E1E38AC-6C21-4E17-A450-7765ACBC1CD7}.Debug|x86.Build.0 = Debug|Win32
		{4E1E38AC-6C21-4E17-A450-7765ACBC1CD7}.Release|x64.ActiveCfg = Release|x64
		{4E1E38AC-6C21-4E17-A450-7765ACBC1CD7}.Release|x64.Build.0 = Release|x64
		{4E1E38AC-6C21-4E17-A450-7765ACBC1CD7}.Release|x86.ActiveCfg = Release|Win32
		{4E1E38AC-6C21-4E17-A450-7765ACBC1CD7}.Release|x86.Build.0 = Release|Win32
		{05CA9111-0DA3-4153-92EF-1F3CFB0A533A}.Debug|x64.ActiveCfg = Debug|x64
		{05CA9111-0DA3-4153-92EF-1F3CFB0A533A}.Debug|x64.Build.0 = Debug|x64
		{05CA9111-0DA3-4153-92EF-1F3CFB0A533A}.Debug|x86.ActiveCfg = Debug|Win32
		{05CA9111-0DA3-4153-92EF-1F3CFB0A533A}.Debug|x86.Build.0 = Debug|Win32
		{05CA9111-0DA3-4153-92EF-1F3CFB0A533A}.Release|x64.ActiveCfg = Release|x64
		{05CA9111-0DA3-4153-92EF-1F3CFB0A533A}.Release|x64.Build.0 = Release|x64
		{05CA9111-0DA3-4153-92EF-1F3CFB0A533A}.Release|x86.ActiveCfg = Release|Win32
		{05CA9111-0DA3-4153-92EF-1F3CFB0A533A}.Release|x86.Build.0 = Release|Win32
		{923A3BFA-9623-437C-847A-FF89B661777D}.Debug|x64.ActiveCfg = Debug|x64
		{923A3BFA-9623-437C-847A-FF89B661777D}.Debug|x64.Build.0 = Debug|x64
		{923A3BFA-9623-437C-847A-FF89B661777D}.Debug|x86.ActiveCfg = Debug|Win32
		{923A3BFA-9623-437C-847A-FF89B661777D}.Debug|x86.Build.0 = Debug|Win32
		{923A3BFA-9623-437C-847A-FF89B661777D}.Release|x64.ActiveCfg = Release|x64
		{923A3BFA-9623-437C-847A-FF89B661777D}.Release|x64.Build.0 = Release|x64
		{923A3BFA-9623-437C-847A-FF89B661777D}.Release|x86.ActiveCfg = Release|Win32
		{923A3BFA-9623-437C-847A-FF89B661777D}.Release|x86.Build.0 = Release|Win32
		{B8BA4F7C-68D4-49F9-9B5B-3D590C21505B}.Debug|x64.ActiveCfg = Debug|x64
		{B8BA4F7C-68D4-49F9-9B5B-3D590C21505B}.Debug|x64.Build.0 = Debug|x64
		{B8BA4F7C-68D4-49F9-9B5B-3D590C21505B}.Debug|x86.ActiveCfg = Debug|Win32
		{B8BA4F7C-68D4-49F9-9B5B-3D590C21505B}.Debug|x86.Build.0 = Debug|Win32
		{B8BA4F7C-68D4-49F9-9B5B-3D590C21505B}.Release|x64.ActiveCfg = Release|x64
		{B8BA4F7C-68D4-49F9-9B5B-3D590C21505B}.Release|x64.Build.0 = Release|x64
		{B8BA4F7C-68D4-49F9-9B5B-3D590C21505B}.Release|x86.ActiveCfg = Release|Win32
		{B8BA4F7C-68D4-49F9-9B5B-3D590C21505B}.Release|x86.Build.0 = Release|Win32
	EndGlobalSection
	GlobalSection(SolutionProperties) = preSolution
		HideSolutionNode = FALSE
	EndGlobalSection
	GlobalSection(ExtensibilityGlobals) = postSolution
		SolutionGuid = {F241B196-7CC0-4BBC-84A3-598D1060F25B}
	EndGlobalSection
EndGlobal
